// !$*UTF8*$!
{
	archiveVersion = 1;
	classes = {
	};
	objectVersion = 50;
	objects = {

/* Begin PBXBuildFile section */
		8435B800244C83C7006E824E /* AppDelegate.swift in Sources */ = {isa = PBXBuildFile; fileRef = 8435B7FF244C83C7006E824E /* AppDelegate.swift */; };
		8435B802244C83C7006E824E /* SceneDelegate.swift in Sources */ = {isa = PBXBuildFile; fileRef = 8435B801244C83C7006E824E /* SceneDelegate.swift */; };
		8435B804244C83C7006E824E /* ViewController.swift in Sources */ = {isa = PBXBuildFile; fileRef = 8435B803244C83C7006E824E /* ViewController.swift */; };
		8435B807244C83C7006E824E /* Main.storyboard in Resources */ = {isa = PBXBuildFile; fileRef = 8435B805244C83C7006E824E /* Main.storyboard */; };
		8435B809244C83CA006E824E /* Assets.xcassets in Resources */ = {isa = PBXBuildFile; fileRef = 8435B808244C83CA006E824E /* Assets.xcassets */; };
		8435B80C244C83CA006E824E /* LaunchScreen.storyboard in Resources */ = {isa = PBXBuildFile; fileRef = 8435B80A244C83CA006E824E /* LaunchScreen.storyboard */; };
		8435B814244C83DE006E824E /* NetworkManager.swift in Sources */ = {isa = PBXBuildFile; fileRef = 8435B813244C83DE006E824E /* NetworkManager.swift */; };
		8435B816244C84CF006E824E /* City.swift in Sources */ = {isa = PBXBuildFile; fileRef = 8435B815244C84CF006E824E /* City.swift */; };
		84A47999244C8F80004E0B69 /* CityCell.swift in Sources */ = {isa = PBXBuildFile; fileRef = 84A47998244C8F80004E0B69 /* CityCell.swift */; };
		84E558512454ECB500846F50 /* FavoriteViewController.swift in Sources */ = {isa = PBXBuildFile; fileRef = 84E558502454ECB500846F50 /* FavoriteViewController.swift */; };
		84E558532454F55E00846F50 /* FavoriteCityCell.swift in Sources */ = {isa = PBXBuildFile; fileRef = 84E558522454F55E00846F50 /* FavoriteCityCell.swift */; };
/* End PBXBuildFile section */

/* Begin PBXFileReference section */
		8435B7FC244C83C7006E824E /* WeatherTest.app */ = {isa = PBXFileReference; explicitFileType = wrapper.application; includeInIndex = 0; path = WeatherTest.app; sourceTree = BUILT_PRODUCTS_DIR; };
		8435B7FF244C83C7006E824E /* AppDelegate.swift */ = {isa = PBXFileReference; lastKnownFileType = sourcecode.swift; path = AppDelegate.swift; sourceTree = "<group>"; };
		8435B801244C83C7006E824E /* SceneDelegate.swift */ = {isa = PBXFileReference; lastKnownFileType = sourcecode.swift; path = SceneDelegate.swift; sourceTree = "<group>"; };
		8435B803244C83C7006E824E /* ViewController.swift */ = {isa = PBXFileReference; lastKnownFileType = sourcecode.swift; path = ViewController.swift; sourceTree = "<group>"; };
		8435B806244C83C7006E824E /* Base */ = {isa = PBXFileReference; lastKnownFileType = file.storyboard; name = Base; path = Base.lproj/Main.storyboard; sourceTree = "<group>"; };
		8435B808244C83CA006E824E /* Assets.xcassets */ = {isa = PBXFileReference; lastKnownFileType = folder.assetcatalog; path = Assets.xcassets; sourceTree = "<group>"; };
		8435B80B244C83CA006E824E /* Base */ = {isa = PBXFileReference; lastKnownFileType = file.storyboard; name = Base; path = Base.lproj/LaunchScreen.storyboard; sourceTree = "<group>"; };
		8435B80D244C83CA006E824E /* Info.plist */ = {isa = PBXFileReference; lastKnownFileType = text.plist.xml; path = Info.plist; sourceTree = "<group>"; };
		8435B813244C83DE006E824E /* NetworkManager.swift */ = {isa = PBXFileReference; lastKnownFileType = sourcecode.swift; path = NetworkManager.swift; sourceTree = "<group>"; };
		8435B815244C84CF006E824E /* City.swift */ = {isa = PBXFileReference; lastKnownFileType = sourcecode.swift; path = City.swift; sourceTree = "<group>"; };
		84A47998244C8F80004E0B69 /* CityCell.swift */ = {isa = PBXFileReference; lastKnownFileType = sourcecode.swift; path = CityCell.swift; sourceTree = "<group>"; };
		84E558502454ECB500846F50 /* FavoriteViewController.swift */ = {isa = PBXFileReference; lastKnownFileType = sourcecode.swift; path = FavoriteViewController.swift; sourceTree = "<group>"; };
		84E558522454F55E00846F50 /* FavoriteCityCell.swift */ = {isa = PBXFileReference; lastKnownFileType = sourcecode.swift; path = FavoriteCityCell.swift; sourceTree = "<group>"; };
/* End PBXFileReference section */

/* Begin PBXFrameworksBuildPhase section */
		8435B7F9244C83C7006E824E /* Frameworks */ = {
			isa = PBXFrameworksBuildPhase;
			buildActionMask = 2147483647;
			files = (
			);
			runOnlyForDeploymentPostprocessing = 0;
		};
/* End PBXFrameworksBuildPhase section */

/* Begin PBXGroup section */
		8435B7F3244C83C7006E824E = {
			isa = PBXGroup;
			children = (
				8435B7FE244C83C7006E824E /* WeatherTest */,
				8435B7FD244C83C7006E824E /* Products */,
			);
			sourceTree = "<group>";
		};
		8435B7FD244C83C7006E824E /* Products */ = {
			isa = PBXGroup;
			children = (
				8435B7FC244C83C7006E824E /* WeatherTest.app */,
			);
			name = Products;
			sourceTree = "<group>";
		};
		8435B7FE244C83C7006E824E /* WeatherTest */ = {
			isa = PBXGroup;
			children = (
				8435B7FF244C83C7006E824E /* AppDelegate.swift */,
				8435B801244C83C7006E824E /* SceneDelegate.swift */,
				84E558502454ECB500846F50 /* FavoriteViewController.swift */,
				84E558522454F55E00846F50 /* FavoriteCityCell.swift */,
				8435B813244C83DE006E824E /* NetworkManager.swift */,
				8435B803244C83C7006E824E /* ViewController.swift */,
				84A47998244C8F80004E0B69 /* CityCell.swift */,
				8435B815244C84CF006E824E /* City.swift */,
				8435B805244C83C7006E824E /* Main.storyboard */,
				8435B808244C83CA006E824E /* Assets.xcassets */,
				8435B80A244C83CA006E824E /* LaunchScreen.storyboard */,
				8435B80D244C83CA006E824E /* Info.plist */,
			);
			path = WeatherTest;
			sourceTree = "<group>";
		};
/* End PBXGroup section */

/* Begin PBXNativeTarget section */
		8435B7FB244C83C7006E824E /* WeatherTest */ = {
			isa = PBXNativeTarget;
			buildConfigurationList = 8435B810244C83CA006E824E /* Build configuration list for PBXNativeTarget "WeatherTest" */;
			buildPhases = (
				8435B7F8244C83C7006E824E /* Sources */,
				8435B7F9244C83C7006E824E /* Frameworks */,
				8435B7FA244C83C7006E824E /* Resources */,
			);
			buildRules = (
			);
			dependencies = (
			);
			name = WeatherTest;
			productName = WeatherTest;
			productReference = 8435B7FC244C83C7006E824E /* WeatherTest.app */;
			productType = "com.apple.product-type.application";
		};
/* End PBXNativeTarget section */

/* Begin PBXProject section */
		8435B7F4244C83C7006E824E /* Project object */ = {
			isa = PBXProject;
			attributes = {
				LastSwiftUpdateCheck = 1130;
				LastUpgradeCheck = 1130;
				ORGANIZATIONNAME = Artak;
				TargetAttributes = {
					8435B7FB244C83C7006E824E = {
						CreatedOnToolsVersion = 11.3.1;
					};
				};
			};
			buildConfigurationList = 8435B7F7244C83C7006E824E /* Build configuration list for PBXProject "WeatherTest" */;
			compatibilityVersion = "Xcode 9.3";
			developmentRegion = en;
			hasScannedForEncodings = 0;
			knownRegions = (
				en,
				Base,
			);
			mainGroup = 8435B7F3244C83C7006E824E;
			productRefGroup = 8435B7FD244C83C7006E824E /* Products */;
			projectDirPath = "";
			projectRoot = "";
			targets = (
				8435B7FB244C83C7006E824E /* WeatherTest */,
			);
		};
/* End PBXProject section */

/* Begin PBXResourcesBuildPhase section */
		8435B7FA244C83C7006E824E /* Resources */ = {
			isa = PBXResourcesBuildPhase;
			buildActionMask = 2147483647;
			files = (
				8435B80C244C83CA006E824E /* LaunchScreen.storyboard in Resources */,
				8435B809244C83CA006E824E /* Assets.xcassets in Resources */,
				8435B807244C83C7006E824E /* Main.storyboard in Resources */,
			);
			runOnlyForDeploymentPostprocessing = 0;
		};
/* End PBXResourcesBuildPhase section */

/* Begin PBXSourcesBuildPhase section */
		8435B7F8244C83C7006E824E /* Sources */ = {
			isa = PBXSourcesBuildPhase;
			buildActionMask = 2147483647;
			files = (
				8435B804244C83C7006E824E /* ViewController.swift in Sources */,
				8435B816244C84CF006E824E /* City.swift in Sources */,
				84E558532454F55E00846F50 /* FavoriteCityCell.swift in Sources */,
				8435B814244C83DE006E824E /* NetworkManager.swift in Sources */,
				84E558512454ECB500846F50 /* FavoriteViewController.swift in Sources */,
				84A47999244C8F80004E0B69 /* CityCell.swift in Sources */,
				8435B800244C83C7006E824E /* AppDelegate.swift in Sources */,
				8435B802244C83C7006E824E /* SceneDelegate.swift in Sources */,
			);
			runOnlyForDeploymentPostprocessing = 0;
		};
/* End PBXSourcesBuildPhase section */

/* Begin PBXVariantGroup section */
		8435B805244C83C7006E824E /* Main.storyboard */ = {
			isa = PBXVariantGroup;
			children = (
				8435B806244C83C7006E824E /* Base */,
			);
			name = Main.storyboard;
			sourceTree = "<group>";
		};
		8435B80A244C83CA006E824E /* LaunchScreen.storyboard */ = {
			isa = PBXVariantGroup;
			children = (
				8435B80B244C83CA006E824E /* Base */,
			);
			name = LaunchScreen.storyboard;
			sourceTree = "<group>";
		};
/* End PBXVariantGroup section */

/* Begin XCBuildConfiguration section */
		8435B80E244C83CA006E824E /* Debug */ = {
			isa = XCBuildConfiguration;
			buildSettings = {
				ALWAYS_SEARCH_USER_PATHS = NO;
				CLANG_ANALYZER_NONNULL = YES;
				CLANG_ANALYZER_NUMBER_OBJECT_CONVERSION = YES_AGGRESSIVE;
				CLANG_CXX_LANGUAGE_STANDARD = "gnu++14";
				CLANG_CXX_LIBRARY = "libc++";
				CLANG_ENABLE_MODULES = YES;
				CLANG_ENABLE_OBJC_ARC = YES;
				CLANG_ENABLE_OBJC_WEAK = YES;
				CLANG_WARN_BLOCK_CAPTURE_AUTORELEASING = YES;
				CLANG_WARN_BOOL_CONVERSION = YES;
				CLANG_WARN_COMMA = YES;
				CLANG_WARN_CONSTANT_CONVERSION = YES;
				CLANG_WARN_DEPRECATED_OBJC_IMPLEMENTATIONS = YES;
				CLANG_WARN_DIRECT_OBJC_ISA_USAGE = YES_ERROR;
				CLANG_WARN_DOCUMENTATION_COMMENTS = YES;
				CLANG_WARN_EMPTY_BODY = YES;
				CLANG_WARN_ENUM_CONVERSION = YES;
				CLANG_WARN_INFINITE_RECURSION = YES;
				CLANG_WARN_INT_CONVERSION = YES;
				CLANG_WARN_NON_LITERAL_NULL_CONVERSION = YES;
				CLANG_WARN_OBJC_IMPLICIT_RETAIN_SELF = YES;
				CLANG_WARN_OBJC_LITERAL_CONVERSION = YES;
				CLANG_WARN_OBJC_ROOT_CLASS = YES_ERROR;
				CLANG_WARN_RANGE_LOOP_ANALYSIS = YES;
				CLANG_WARN_STRICT_PROTOTYPES = YES;
				CLANG_WARN_SUSPICIOUS_MOVE = YES;
				CLANG_WARN_UNGUARDED_AVAILABILITY = YES_AGGRESSIVE;
				CLANG_WARN_UNREACHABLE_CODE = YES;
				CLANG_WARN__DUPLICATE_METHOD_MATCH = YES;
				COPY_PHASE_STRIP = NO;
				DEBUG_INFORMATION_FORMAT = dwarf;
				ENABLE_STRICT_OBJC_MSGSEND = YES;
				ENABLE_TESTABILITY = YES;
				GCC_C_LANGUAGE_STANDARD = gnu11;
				GCC_DYNAMIC_NO_PIC = NO;
				GCC_NO_COMMON_BLOCKS = YES;
				GCC_OPTIMIZATION_LEVEL = 0;
				GCC_PREPROCESSOR_DEFINITIONS = (
					"DEBUG=1",
					"$(inherited)",
				);
				GCC_WARN_64_TO_32_BIT_CONVERSION = YES;
				GCC_WARN_ABOUT_RETURN_TYPE = YES_ERROR;
				GCC_WARN_UNDECLARED_SELECTOR = YES;
				GCC_WARN_UNINITIALIZED_AUTOS = YES_AGGRESSIVE;
				GCC_WARN_UNUSED_FUNCTION = YES;
				GCC_WARN_UNUSED_VARIABLE = YES;
				IPHONEOS_DEPLOYMENT_TARGET = 13.2;
				MTL_ENABLE_DEBUG_INFO = INCLUDE_SOURCE;
				MTL_FAST_MATH = YES;
				ONLY_ACTIVE_ARCH = YES;
				SDKROOT = iphoneos;
				SWIFT_ACTIVE_COMPILATION_CONDITIONS = DEBUG;
				SWIFT_OPTIMIZATION_LEVEL = "-Onone";
			};
			name = Debug;
		};
		8435B80F244C83CA006E824E /* Release */ = {
			isa = XCBuildConfiguration;
			buildSettings = {
				ALWAYS_SEARCH_USER_PATHS = NO;
				CLANG_ANALYZER_NONNULL = YES;
				CLANG_ANALYZER_NUMBER_OBJECT_CONVERSION = YES_AGGRESSIVE;
				CLANG_CXX_LANGUAGE_STANDARD = "gnu++14";
				CLANG_CXX_LIBRARY = "libc++";
				CLANG_ENABLE_MODULES = YES;
				CLANG_ENABLE_OBJC_ARC = YES;
				CLANG_ENABLE_OBJC_WEAK = YES;
				CLANG_WARN_BLOCK_CAPTURE_AUTORELEASING = YES;
				CLANG_WARN_BOOL_CONVERSION = YES;
				CLANG_WARN_COMMA = YES;
				CLANG_WARN_CONSTANT_CONVERSION = YES;
				CLANG_WARN_DEPRECATED_OBJC_IMPLEMENTATIONS = YES;
				CLANG_WARN_DIRECT_OBJC_ISA_USAGE = YES_ERROR;
				CLANG_WARN_DOCUMENTATION_COMMENTS = YES;
				CLANG_WARN_EMPTY_BODY = YES;
				CLANG_WARN_ENUM_CONVERSION = YES;
				CLANG_WARN_INFINITE_RECURSION = YES;
				CLANG_WARN_INT_CONVERSION = YES;
				CLANG_WARN_NON_LITERAL_NULL_CONVERSION = YES;
				CLANG_WARN_OBJC_IMPLICIT_RETAIN_SELF = YES;
				CLANG_WARN_OBJC_LITERAL_CONVERSION = YES;
				CLANG_WARN_OBJC_ROOT_CLASS = YES_ERROR;
				CLANG_WARN_RANGE_LOOP_ANALYSIS = YES;
				CLANG_WARN_STRICT_PROTOTYPES = YES;
				CLANG_WARN_SUSPICIOUS_MOVE = YES;
				CLANG_WARN_UNGUARDED_AVAILABILITY = YES_AGGRESSIVE;
				CLANG_WARN_UNREACHABLE_CODE = YES;
				CLANG_WARN__DUPLICATE_METHOD_MATCH = YES;
				COPY_PHASE_STRIP = NO;
				DEBUG_INFORMATION_FORMAT = "dwarf-with-dsym";
				ENABLE_NS_ASSERTIONS = NO;
				ENABLE_STRICT_OBJC_MSGSEND = YES;
				GCC_C_LANGUAGE_STANDARD = gnu11;
				GCC_NO_COMMON_BLOCKS = YES;
				GCC_WARN_64_TO_32_BIT_CONVERSION = YES;
				GCC_WARN_ABOUT_RETURN_TYPE = YES_ERROR;
				GCC_WARN_UNDECLARED_SELECTOR = YES;
				GCC_WARN_UNINITIALIZED_AUTOS = YES_AGGRESSIVE;
				GCC_WARN_UNUSED_FUNCTION = YES;
				GCC_WARN_UNUSED_VARIABLE = YES;
				IPHONEOS_DEPLOYMENT_TARGET = 13.2;
				MTL_ENABLE_DEBUG_INFO = NO;
				MTL_FAST_MATH = YES;
				SDKROOT = iphoneos;
				SWIFT_COMPILATION_MODE = wholemodule;
				SWIFT_OPTIMIZATION_LEVEL = "-O";
				VALIDATE_PRODUCT = YES;
			};
			name = Release;
		};
		8435B811244C83CA006E824E /* Debug */ = {
			isa = XCBuildConfiguration;
			buildSettings = {
				ASSETCATALOG_COMPILER_APPICON_NAME = AppIcon;
				CODE_SIGN_STYLE = Automatic;
				INFOPLIST_FILE = WeatherTest/Info.plist;
				LD_RUNPATH_SEARCH_PATHS = (
					"$(inherited)",
					"@executable_path/Frameworks",
				);
				PRODUCT_BUNDLE_IDENTIFIER = art.WeatherTest;
				PRODUCT_NAME = "$(TARGET_NAME)";
				SWIFT_VERSION = 5.0;
				TARGETED_DEVICE_FAMILY = "1,2";
			};
			name = Debug;
		};
		8435B812244C83CA006E824E /* Release */ = {
			isa = XCBuildConfiguration;
			buildSettings = {
				ASSETCATALOG_COMPILER_APPICON_NAME = AppIcon;
				CODE_SIGN_STYLE = Automatic;
				INFOPLIST_FILE = WeatherTest/Info.plist;
				LD_RUNPATH_SEARCH_PATHS = (
					"$(inherited)",
					"@executable_path/Frameworks",
				);
				PRODUCT_BUNDLE_IDENTIFIER = art.WeatherTest;
				PRODUCT_NAME = "$(TARGET_NAME)";
				SWIFT_VERSION = 5.0;
				TARGETED_DEVICE_FAMILY = "1,2";
			};
			name = Release;
		};
/* End XCBuildConfiguration section */

/* Begin XCConfigurationList section */
		8435B7F7244C83C7006E824E /* Build configuration list for PBXProject "WeatherTest" */ = {
			isa = XCConfigurationList;
			buildConfigurations = (
				8435B80E244C83CA006E824E /* Debug */,
				8435B80F244C83CA006E824E /* Release */,
			);
			defaultConfigurationIsVisible = 0;
			defaultConfigurationName = Release;
		};
		8435B810244C83CA006E824E /* Build configuration list for PBXNativeTarget "WeatherTest" */ = {
			isa = XCConfigurationList;
			buildConfigurations = (
				8435B811244C83CA006E824E /* Debug */,
				8435B812244C83CA006E824E /* Release */,
			);
			defaultConfigurationIsVisible = 0;
			defaultConfigurationName = Release;
		};
/* End XCConfigurationList section */
	};
	rootObject = 8435B7F4244C83C7006E824E /* Project object */;
}
